
Microsoft Visual Studio Solution File, Format Version 12.00
# Visual Studio Version 17
VisualStudioVersion = 17.0.31903.59
MinimumVisualStudioVersion = 10.0.40219.1
Project("{9A19103F-16F7-4668-BE54-9A1E7A4F7556}") = "Json2SharpLib", "Json2SharpLib\Json2SharpLib.csproj", "{817FCF26-561B-43A5-AB39-994D716AAE12}"
EndProject
Project("{9A19103F-16F7-4668-BE54-9A1E7A4F7556}") = "Json2SharpTests", "Json2SharpTests\Json2SharpTests.csproj", "{2F832455-75C4-4EA5-AFC2-32B888B1DDA6}"
EndProject
Project("{9A19103F-16F7-4668-BE54-9A1E7A4F7556}") = "Json2SharpApp", "Json2SharpApp\Json2SharpApp.csproj", "{84D287B1-1200-4732-8D35-0365A00CFF4F}"
EndProject
Global
	GlobalSection(SolutionConfigurationPlatforms) = preSolution
		Debug|Any CPU = Debug|Any CPU
		Release|Any CPU = Release|Any CPU
	EndGlobalSection
	GlobalSection(ProjectConfigurationPlatforms) = postSolution
		{817FCF26-561B-43A5-AB39-994D716AAE12}.Debug|Any CPU.ActiveCfg = Debug|Any CPU
		{817FCF26-561B-43A5-AB39-994D716AAE12}.Debug|Any CPU.Build.0 = Debug|Any CPU
		{817FCF26-561B-43A5-AB39-994D716AAE12}.Release|Any CPU.ActiveCfg = Release|Any CPU
		{817FCF26-561B-43A5-AB39-994D716AAE12}.Release|Any CPU.Build.0 = Release|Any CPU
		{2F832455-75C4-4EA5-AFC2-32B888B1DDA6}.Debug|Any CPU.ActiveCfg = Debug|Any CPU
		{2F832455-75C4-4EA5-AFC2-32B888B1DDA6}.Debug|Any CPU.Build.0 = Debug|Any CPU
		{2F832455-75C4-4EA5-AFC2-32B888B1DDA6}.Release|Any CPU.ActiveCfg = Release|Any CPU
		{2F832455-75C4-4EA5-AFC2-32B888B1DDA6}.Release|Any CPU.Build.0 = Release|Any CPU
		{84D287B1-1200-4732-8D35-0365A00CFF4F}.Debug|Any CPU.ActiveCfg = Debug|Any CPU
		{84D287B1-1200-4732-8D35-0365A00CFF4F}.Debug|Any CPU.Build.0 = Debug|Any CPU
		{84D287B1-1200-4732-8D35-0365A00CFF4F}.Release|Any CPU.ActiveCfg = Release|Any CPU
		{84D287B1-1200-4732-8D35-0365A00CFF4F}.Release|Any CPU.Build.0 = Release|Any CPU
	EndGlobalSection
	GlobalSection(SolutionProperties) = preSolution
		HideSolutionNode = FALSE
	EndGlobalSection
	GlobalSection(ExtensibilityGlobals) = postSolution
		SolutionGuid = {12E3DEB1-B8DD-4BDB-9707-D4DB5A18D4B9}
	EndGlobalSection
EndGlobal
